
Microsoft Visual Studio Solution File, Format Version 12.00
# Visual Studio Version 17
VisualStudioVersion = 17.13.35931.197 d17.13
MinimumVisualStudioVersion = 10.0.40219.1
Project("{8BC9CEB8-8B4A-11D0-8D11-00A0C91BC942}") = "Min and Max", "Min and Max\Min and Max.vcxproj", "{4EF4681C-1E21-4768-B3A9-032CAA00FE62}"
EndProject
Global
	GlobalSection(SolutionConfigurationPlatforms) = preSolution
		Debug|x64 = Debug|x64
		Debug|x86 = Debug|x86
		Release|x64 = Release|x64
		Release|x86 = Release|x86
	EndGlobalSection
	GlobalSection(ProjectConfigurationPlatforms) = postSolution
		{4EF4681C-1E21-4768-B3A9-032CAA00FE62}.Debug|x64.ActiveCfg = Debug|x64
		{4EF4681C-1E21-4768-B3A9-032CAA00FE62}.Debug|x64.Build.0 = Debug|x64
		{4EF4681C-1E21-4768-B3A9-032CAA00FE62}.Debug|x86.ActiveCfg = Debug|Win32
		{4EF4681C-1E21-4768-B3A9-032CAA00FE62}.Debug|x86.Build.0 = Debug|Win32
		{4EF4681C-1E21-4768-B3A9-032CAA00FE62}.Release|x64.ActiveCfg = Release|x64
		{4EF4681C-1E21-4768-B3A9-032CAA00FE62}.Release|x64.Build.0 = Release|x64
		{4EF4681C-1E21-4768-B3A9-032CAA00FE62}.Release|x86.ActiveCfg = Release|Win32
		{4EF4681C-1E21-4768-B3A9-032CAA00FE62}.Release|x86.Build.0 = Release|Win32
	EndGlobalSection
	GlobalSection(SolutionProperties) = preSolution
		HideSolutionNode = FALSE
	EndGlobalSection
	GlobalSection(ExtensibilityGlobals) = postSolution
		SolutionGuid = {C1DEC89F-72FC-455C-95C8-0D646633B371}
	EndGlobalSection
EndGlobal
